# This file is automatically @generated by Poetry 1.4.0 and should not be changed by hand.

[[package]]
name = "pexpect"
version = "4.8.0"
description = "Pexpect allows easy control of interactive console applications."
category = "main"
optional = false
python-versions = "*"
files = [
    {file = "pexpect-4.8.0-py2.py3-none-any.whl", hash = "sha256:0b48a55dcb3c05f3329815901ea4fc1537514d6ba867a152b581d69ae3710937"},
    {file = "pexpect-4.8.0.tar.gz", hash = "sha256:fc65a43959d153d0114afe13997d439c22823a27cefceb5ff35c2178c6784c0c"},
]

[package.dependencies]
ptyprocess = ">=0.5"

[[package]]
name = "ptyprocess"
version = "0.7.0"
description = "Run a subprocess in a pseudo terminal"
category = "main"
optional = false
python-versions = "*"
files = [
    {file = "ptyprocess-0.7.0-py2.py3-none-any.whl", hash = "sha256:4b41f3967fce3af57cc7e94b888626c18bf37a083e3651ca8feeb66d492fef35"},
    {file = "ptyprocess-0.7.0.tar.gz", hash = "sha256:5c5d0a3b48ceee0b48485e0c26037c0acd7d29765ca3fbb5cb3831d347423220"},
]

[[package]]
name = "pygatttool"
version = "0.1.1a3"
description = "BLE client package wrapping gatttool"
category = "main"
optional = false
python-versions = ">=3.8,<4.0"
files = [
    {file = "pygatttool-0.1.1a3-py3-none-any.whl", hash = "sha256:1fa3a22d56945f943a1ea7f5b0518ace71a9441fbe70af776e33160f84253e03"},
    {file = "pygatttool-0.1.1a3.tar.gz", hash = "sha256:f277dfcdea627837028fadacae3d739122157eb9da5ca551147fbd6c5c078bec"},
]

[package.dependencies]
pexpect = ">=4.8.0,<5.0.0"

[metadata]
lock-version = "2.0"
python-versions = "^3.8"
content-hash = "2058a6996c2d5b833c5b0119aaf973c9fa0920630892b41ed9a949257596e62b"
